
Microsoft Visual Studio Solution File, Format Version 12.00
# Visual Studio Version 17
VisualStudioVersion = 17.0.31919.166
MinimumVisualStudioVersion = 10.0.40219.1
Project("{8BC9CEB8-8B4A-11D0-8D11-00A0C91BC942}") = "Magnet Particules - 4 kyu", "Magnet Particules - 4 kyu.vcxproj", "{35CD935F-97EF-4D9E-A0B0-BACA9E287DD5}"
EndProject
Global
	GlobalSection(SolutionConfigurationPlatforms) = preSolution
		Debug|x64 = Debug|x64
		Debug|x86 = Debug|x86
		Release|x64 = Release|x64
		Release|x86 = Release|x86
	EndGlobalSection
	GlobalSection(ProjectConfigurationPlatforms) = postSolution
		{35CD935F-97EF-4D9E-A0B0-BACA9E287DD5}.Debug|x64.ActiveCfg = Debug|x64
		{35CD935F-97EF-4D9E-A0B0-BACA9E287DD5}.Debug|x64.Build.0 = Debug|x64
		{35CD935F-97EF-4D9E-A0B0-BACA9E287DD5}.Debug|x86.ActiveCfg = Debug|Win32
		{35CD935F-97EF-4D9E-A0B0-BACA9E287DD5}.Debug|x86.Build.0 = Debug|Win32
		{35CD935F-97EF-4D9E-A0B0-BACA9E287DD5}.Release|x64.ActiveCfg = Release|x64
		{35CD935F-97EF-4D9E-A0B0-BACA9E287DD5}.Release|x64.Build.0 = Release|x64
		{35CD935F-97EF-4D9E-A0B0-BACA9E287DD5}.Release|x86.ActiveCfg = Release|Win32
		{35CD935F-97EF-4D9E-A0B0-BACA9E287DD5}.Release|x86.Build.0 = Release|Win32
	EndGlobalSection
	GlobalSection(SolutionProperties) = preSolution
		HideSolutionNode = FALSE
	EndGlobalSection
	GlobalSection(ExtensibilityGlobals) = postSolution
		SolutionGuid = {16FB9D7E-0CE5-4719-8C17-0F034DD9CD6D}
	EndGlobalSection
EndGlobal
