
Microsoft Visual Studio Solution File, Format Version 12.00
# Visual Studio Version 17
VisualStudioVersion = 17.0.31919.166
MinimumVisualStudioVersion = 10.0.40219.1
Project("{8BC9CEB8-8B4A-11D0-8D11-00A0C91BC942}") = "Operator Overloading Practice", "Operator Overloading Practice.vcxproj", "{6B914312-F8A2-4EAF-99A8-5130C02426DC}"
EndProject
Global
	GlobalSection(SolutionConfigurationPlatforms) = preSolution
		Debug|x64 = Debug|x64
		Debug|x86 = Debug|x86
		Release|x64 = Release|x64
		Release|x86 = Release|x86
	EndGlobalSection
	GlobalSection(ProjectConfigurationPlatforms) = postSolution
		{6B914312-F8A2-4EAF-99A8-5130C02426DC}.Debug|x64.ActiveCfg = Debug|x64
		{6B914312-F8A2-4EAF-99A8-5130C02426DC}.Debug|x64.Build.0 = Debug|x64
		{6B914312-F8A2-4EAF-99A8-5130C02426DC}.Debug|x86.ActiveCfg = Debug|Win32
		{6B914312-F8A2-4EAF-99A8-5130C02426DC}.Debug|x86.Build.0 = Debug|Win32
		{6B914312-F8A2-4EAF-99A8-5130C02426DC}.Release|x64.ActiveCfg = Release|x64
		{6B914312-F8A2-4EAF-99A8-5130C02426DC}.Release|x64.Build.0 = Release|x64
		{6B914312-F8A2-4EAF-99A8-5130C02426DC}.Release|x86.ActiveCfg = Release|Win32
		{6B914312-F8A2-4EAF-99A8-5130C02426DC}.Release|x86.Build.0 = Release|Win32
	EndGlobalSection
	GlobalSection(SolutionProperties) = preSolution
		HideSolutionNode = FALSE
	EndGlobalSection
	GlobalSection(ExtensibilityGlobals) = postSolution
		SolutionGuid = {DD0F55D2-A757-423A-98E6-09B8779C194F}
	EndGlobalSection
EndGlobal
