
Microsoft Visual Studio Solution File, Format Version 12.00
# Visual Studio Version 17
VisualStudioVersion = 17.0.31919.166
MinimumVisualStudioVersion = 10.0.40219.1
Project("{8BC9CEB8-8B4A-11D0-8D11-00A0C91BC942}") = "FSM - 4kyu", "FSM - 4kyu.vcxproj", "{CF0FD140-780A-4B83-8BAF-9940314ECB8C}"
EndProject
Global
	GlobalSection(SolutionConfigurationPlatforms) = preSolution
		Debug|x64 = Debug|x64
		Debug|x86 = Debug|x86
		Release|x64 = Release|x64
		Release|x86 = Release|x86
	EndGlobalSection
	GlobalSection(ProjectConfigurationPlatforms) = postSolution
		{CF0FD140-780A-4B83-8BAF-9940314ECB8C}.Debug|x64.ActiveCfg = Debug|x64
		{CF0FD140-780A-4B83-8BAF-9940314ECB8C}.Debug|x64.Build.0 = Debug|x64
		{CF0FD140-780A-4B83-8BAF-9940314ECB8C}.Debug|x86.ActiveCfg = Debug|Win32
		{CF0FD140-780A-4B83-8BAF-9940314ECB8C}.Debug|x86.Build.0 = Debug|Win32
		{CF0FD140-780A-4B83-8BAF-9940314ECB8C}.Release|x64.ActiveCfg = Release|x64
		{CF0FD140-780A-4B83-8BAF-9940314ECB8C}.Release|x64.Build.0 = Release|x64
		{CF0FD140-780A-4B83-8BAF-9940314ECB8C}.Release|x86.ActiveCfg = Release|Win32
		{CF0FD140-780A-4B83-8BAF-9940314ECB8C}.Release|x86.Build.0 = Release|Win32
	EndGlobalSection
	GlobalSection(SolutionProperties) = preSolution
		HideSolutionNode = FALSE
	EndGlobalSection
	GlobalSection(ExtensibilityGlobals) = postSolution
		SolutionGuid = {B7CDE0C8-B2C3-4D35-BF9E-3B25EF8A40DC}
	EndGlobalSection
EndGlobal
