
Microsoft Visual Studio Solution File, Format Version 12.00
# Visual Studio Version 17
VisualStudioVersion = 17.0.31919.166
MinimumVisualStudioVersion = 10.0.40219.1
Project("{8BC9CEB8-8B4A-11D0-8D11-00A0C91BC942}") = "Factorial Decomposition - 5 kyu", "Factorial Decomposition - 5 kyu.vcxproj", "{9C1FA7CA-5D05-40B9-AF28-AC1CE8A3034E}"
EndProject
Global
	GlobalSection(SolutionConfigurationPlatforms) = preSolution
		Debug|x64 = Debug|x64
		Debug|x86 = Debug|x86
		Release|x64 = Release|x64
		Release|x86 = Release|x86
	EndGlobalSection
	GlobalSection(ProjectConfigurationPlatforms) = postSolution
		{9C1FA7CA-5D05-40B9-AF28-AC1CE8A3034E}.Debug|x64.ActiveCfg = Debug|x64
		{9C1FA7CA-5D05-40B9-AF28-AC1CE8A3034E}.Debug|x64.Build.0 = Debug|x64
		{9C1FA7CA-5D05-40B9-AF28-AC1CE8A3034E}.Debug|x86.ActiveCfg = Debug|Win32
		{9C1FA7CA-5D05-40B9-AF28-AC1CE8A3034E}.Debug|x86.Build.0 = Debug|Win32
		{9C1FA7CA-5D05-40B9-AF28-AC1CE8A3034E}.Release|x64.ActiveCfg = Release|x64
		{9C1FA7CA-5D05-40B9-AF28-AC1CE8A3034E}.Release|x64.Build.0 = Release|x64
		{9C1FA7CA-5D05-40B9-AF28-AC1CE8A3034E}.Release|x86.ActiveCfg = Release|Win32
		{9C1FA7CA-5D05-40B9-AF28-AC1CE8A3034E}.Release|x86.Build.0 = Release|Win32
	EndGlobalSection
	GlobalSection(SolutionProperties) = preSolution
		HideSolutionNode = FALSE
	EndGlobalSection
	GlobalSection(ExtensibilityGlobals) = postSolution
		SolutionGuid = {B0D6FA89-929F-4823-BB42-CEC507FD7BA3}
	EndGlobalSection
EndGlobal
