
Microsoft Visual Studio Solution File, Format Version 12.00
# Visual Studio Version 17
VisualStudioVersion = 17.0.31919.166
MinimumVisualStudioVersion = 10.0.40219.1
Project("{8BC9CEB8-8B4A-11D0-8D11-00A0C91BC942}") = "Help Granny - 5 kyu", "Help Granny - 5 kyu.vcxproj", "{F87075AA-8E67-455B-B048-9B6485064755}"
EndProject
Global
	GlobalSection(SolutionConfigurationPlatforms) = preSolution
		Debug|x64 = Debug|x64
		Debug|x86 = Debug|x86
		Release|x64 = Release|x64
		Release|x86 = Release|x86
	EndGlobalSection
	GlobalSection(ProjectConfigurationPlatforms) = postSolution
		{F87075AA-8E67-455B-B048-9B6485064755}.Debug|x64.ActiveCfg = Debug|x64
		{F87075AA-8E67-455B-B048-9B6485064755}.Debug|x64.Build.0 = Debug|x64
		{F87075AA-8E67-455B-B048-9B6485064755}.Debug|x86.ActiveCfg = Debug|Win32
		{F87075AA-8E67-455B-B048-9B6485064755}.Debug|x86.Build.0 = Debug|Win32
		{F87075AA-8E67-455B-B048-9B6485064755}.Release|x64.ActiveCfg = Release|x64
		{F87075AA-8E67-455B-B048-9B6485064755}.Release|x64.Build.0 = Release|x64
		{F87075AA-8E67-455B-B048-9B6485064755}.Release|x86.ActiveCfg = Release|Win32
		{F87075AA-8E67-455B-B048-9B6485064755}.Release|x86.Build.0 = Release|Win32
	EndGlobalSection
	GlobalSection(SolutionProperties) = preSolution
		HideSolutionNode = FALSE
	EndGlobalSection
	GlobalSection(ExtensibilityGlobals) = postSolution
		SolutionGuid = {8160F7BA-686B-49F0-8CF8-7081E058AAEE}
	EndGlobalSection
EndGlobal
