
Microsoft Visual Studio Solution File, Format Version 12.00
# Visual Studio Version 17
VisualStudioVersion = 17.0.31919.166
MinimumVisualStudioVersion = 10.0.40219.1
Project("{8BC9CEB8-8B4A-11D0-8D11-00A0C91BC942}") = "Bobsworth Switches", "Bobsworth Switches.vcxproj", "{28768E77-CD3A-4454-822E-0E04A70E8296}"
EndProject
Global
	GlobalSection(SolutionConfigurationPlatforms) = preSolution
		Debug|x64 = Debug|x64
		Debug|x86 = Debug|x86
		Release|x64 = Release|x64
		Release|x86 = Release|x86
	EndGlobalSection
	GlobalSection(ProjectConfigurationPlatforms) = postSolution
		{28768E77-CD3A-4454-822E-0E04A70E8296}.Debug|x64.ActiveCfg = Debug|x64
		{28768E77-CD3A-4454-822E-0E04A70E8296}.Debug|x64.Build.0 = Debug|x64
		{28768E77-CD3A-4454-822E-0E04A70E8296}.Debug|x86.ActiveCfg = Debug|Win32
		{28768E77-CD3A-4454-822E-0E04A70E8296}.Debug|x86.Build.0 = Debug|Win32
		{28768E77-CD3A-4454-822E-0E04A70E8296}.Release|x64.ActiveCfg = Release|x64
		{28768E77-CD3A-4454-822E-0E04A70E8296}.Release|x64.Build.0 = Release|x64
		{28768E77-CD3A-4454-822E-0E04A70E8296}.Release|x86.ActiveCfg = Release|Win32
		{28768E77-CD3A-4454-822E-0E04A70E8296}.Release|x86.Build.0 = Release|Win32
	EndGlobalSection
	GlobalSection(SolutionProperties) = preSolution
		HideSolutionNode = FALSE
	EndGlobalSection
	GlobalSection(ExtensibilityGlobals) = postSolution
		SolutionGuid = {43B9E4F2-02A2-4C16-AB25-91E46C6F0E76}
	EndGlobalSection
EndGlobal
